<?xml version="1.0" encoding="utf-8"?>
<Project ToolsVersion="4.0" xmlns="http://schemas.microsoft.com/developer/msbuild/2003">
  <ItemGroup>
    <Filter Include="Main">
      <UniqueIdentifier>{0e1fd6f3-739d-4b53-8646-3ab64ea4dd92}</UniqueIdentifier>
    </Filter>
    <Filter Include="Time">
      <UniqueIdentifier>{2946def3-9651-4026-87bf-46ad26840525}</UniqueIdentifier>
    </Filter>
    <Filter Include="Time\Calendars">
      <UniqueIdentifier>{89c33e0b-78d8-45b2-a4b5-0b5fc82de310}</UniqueIdentifier>
    </Filter>
    <Filter Include="Instrument">
      <UniqueIdentifier>{1f2eb654-9af9-44e7-bd4a-6b504b36a691}</UniqueIdentifier>
    </Filter>
  </ItemGroup>
  <ItemGroup>
    <ClInclude Include="pch.h">
      <Filter>Main</Filter>
    </ClInclude>
    <ClInclude Include="Types.h">
      <Filter>Main</Filter>
    </ClInclude>
    <ClInclude Include="time\Date.h">
      <Filter>Time</Filter>
    </ClInclude>
    <ClInclude Include="CorePch.h">
      <Filter>Main</Filter>
    </ClInclude>
    <ClInclude Include="time\Weekday.h">
      <Filter>Time</Filter>
    </ClInclude>
    <ClInclude Include="CoreMacro.h">
      <Filter>Main</Filter>
    </ClInclude>
    <ClInclude Include="Error.h">
      <Filter>Main</Filter>
    </ClInclude>
    <ClInclude Include="time\Calendar.h">
      <Filter>Time</Filter>
    </ClInclude>
    <ClInclude Include="time\calendars\TARGET.h">
      <Filter>Time\Calendars</Filter>
    </ClInclude>
    <ClInclude Include="time\TimeUnit.h">
      <Filter>Time</Filter>
    </ClInclude>
    <ClInclude Include="time\BusinessDayConvention.h">
      <Filter>Time</Filter>
    </ClInclude>
    <ClInclude Include="time\Period.h">
      <Filter>Time</Filter>
    </ClInclude>
    <ClInclude Include="Instrument\Bond.h">
      <Filter>Instrument</Filter>
    </ClInclude>
    <ClInclude Include="Instrument\Instrument.h">
      <Filter>Instrument</Filter>
    </ClInclude>
    <ClInclude Include="Containers.h">
      <Filter>Main</Filter>
    </ClInclude>
    <ClInclude Include="Allocator.h">
      <Filter>Main</Filter>
    </ClInclude>
    <ClInclude Include="CoreGlobal.h" />
    <ClInclude Include="Memory.h" />
  </ItemGroup>
  <ItemGroup>
    <ClCompile Include="FinanceCore.cpp">
      <Filter>Main</Filter>
    </ClCompile>
    <ClCompile Include="pch.cpp">
      <Filter>Main</Filter>
    </ClCompile>
    <ClCompile Include="time\Date.cpp">
      <Filter>Time</Filter>
    </ClCompile>
    <ClCompile Include="time\Weekday.cpp">
      <Filter>Time</Filter>
    </ClCompile>
    <ClCompile Include="Error.cpp">
      <Filter>Main</Filter>
    </ClCompile>
    <ClCompile Include="time\Calendar.cpp">
      <Filter>Time</Filter>
    </ClCompile>
    <ClCompile Include="time\calendars\TARGET.cpp">
      <Filter>Time\Calendars</Filter>
    </ClCompile>
    <ClCompile Include="time\TimeUnit.cpp">
      <Filter>Time</Filter>
    </ClCompile>
    <ClCompile Include="time\BusinessDayConvention.cpp">
      <Filter>Time</Filter>
    </ClCompile>
    <ClCompile Include="time\Period.cpp">
      <Filter>Time</Filter>
    </ClCompile>
    <ClCompile Include="Instrument\Bond.cpp">
      <Filter>Instrument</Filter>
    </ClCompile>
    <ClCompile Include="Instrument\Instrument.cpp">
      <Filter>Instrument</Filter>
    </ClCompile>
    <ClCompile Include="Allocator.cpp">
      <Filter>Main</Filter>
    </ClCompile>
    <ClCompile Include="CoreGlobal.cpp" />
    <ClCompile Include="Memory.cpp" />
  </ItemGroup>
</Project>